// !$*UTF8*$!
{
	archiveVersion = 1;
	classes = {
	};
	objectVersion = 77;
	objects = {

/* Begin PBXContainerItemProxy section */
		7E290BDF2D9DFC72003D25D8 /* PBXContainerItemProxy */ = {
			isa = PBXContainerItemProxy;
			containerPortal = 7E290BC72D9DFC70003D25D8 /* Project object */;
			proxyType = 1;
			remoteGlobalIDString = 7E290BCE2D9DFC70003D25D8;
			remoteInfo = mokyoil;
		};
		7E290BE92D9DFC72003D25D8 /* PBXContainerItemProxy */ = {
			isa = PBXContainerItemProxy;
			containerPortal = 7E290BC72D9DFC70003D25D8 /* Project object */;
			proxyType = 1;
			remoteGlobalIDString = 7E290BCE2D9DFC70003D25D8;
			remoteInfo = mokyoil;
		};
/* End PBXContainerItemProxy section */

/* Begin PBXFileReference section */
		7E290BCF2D9DFC70003D25D8 /* mokyoil.app */ = {isa = PBXFileReference; explicitFileType = wrapper.application; includeInIndex = 0; path = mokyoil.app; sourceTree = BUILT_PRODUCTS_DIR; };
		7E290BDE2D9DFC72003D25D8 /* mokyoilTests.xctest */ = {isa = PBXFileReference; explicitFileType = wrapper.cfbundle; includeInIndex = 0; path = mokyoilTests.xctest; sourceTree = BUILT_PRODUCTS_DIR; };
		7E290BE82D9DFC72003D25D8 /* mokyoilUITests.xctest */ = {isa = PBXFileReference; explicitFileType = wrapper.cfbundle; includeInIndex = 0; path = mokyoilUITests.xctest; sourceTree = BUILT_PRODUCTS_DIR; };
/* End PBXFileReference section */

/* Begin PBXFileSystemSynchronizedRootGroup section */
		7E290BD12D9DFC70003D25D8 /* mokyoil */ = {
			isa = PBXFileSystemSynchronizedRootGroup;
			path = mokyoil;
			sourceTree = "<group>";
		};
		7E290BE12D9DFC72003D25D8 /* mokyoilTests */ = {
			isa = PBXFileSystemSynchronizedRootGroup;
			path = mokyoilTests;
			sourceTree = "<group>";
		};
		7E290BEB2D9DFC72003D25D8 /* mokyoilUITests */ = {
			isa = PBXFileSystemSynchronizedRootGroup;
			path = mokyoilUITests;
			sourceTree = "<group>";
		};
/* End PBXFileSystemSynchronizedRootGroup section */

/* Begin PBXFrameworksBuildPhase section */
		7E290BCC2D9DFC70003D25D8 /* Frameworks */ = {
			isa = PBXFrameworksBuildPhase;
			buildActionMask = 2147483647;
			files = (
			);
			runOnlyForDeploymentPostprocessing = 0;
		};
		7E290BDB2D9DFC72003D25D8 /* Frameworks */ = {
			isa = PBXFrameworksBuildPhase;
			buildActionMask = 2147483647;
			files = (
			);
			runOnlyForDeploymentPostprocessing = 0;
		};
		7E290BE52D9DFC72003D25D8 /* Frameworks */ = {
			isa = PBXFrameworksBuildPhase;
			buildActionMask = 2147483647;
			files = (
			);
			runOnlyForDeploymentPostprocessing = 0;
		};
/* End PBXFrameworksBuildPhase section */

/* Begin PBXGroup section */
		7E290BC62D9DFC70003D25D8 = {
			isa = PBXGroup;
			children = (
				7E290BD12D9DFC70003D25D8 /* mokyoil */,
				7E290BE12D9DFC72003D25D8 /* mokyoilTests */,
				7E290BEB2D9DFC72003D25D8 /* mokyoilUITests */,
				7E290BD02D9DFC70003D25D8 /* Products */,
			);
			sourceTree = "<group>";
		};
		7E290BD02D9DFC70003D25D8 /* Products */ = {
			isa = PBXGroup;
			children = (
				7E290BCF2D9DFC70003D25D8 /* mokyoil.app */,
				7E290BDE2D9DFC72003D25D8 /* mokyoilTests.xctest */,
				7E290BE82D9DFC72003D25D8 /* mokyoilUITests.xctest */,
			);
			name = Products;
			sourceTree = "<group>";
		};
/* End PBXGroup section */

/* Begin PBXNativeTarget section */
		7E290BCE2D9DFC70003D25D8 /* mokyoil */ = {
			isa = PBXNativeTarget;
			buildConfigurationList = 7E290BF22D9DFC72003D25D8 /* Build configuration list for PBXNativeTarget "mokyoil" */;
			buildPhases = (
				7E290BCB2D9DFC70003D25D8 /* Sources */,
				7E290BCC2D9DFC70003D25D8 /* Frameworks */,
				7E290BCD2D9DFC70003D25D8 /* Resources */,
			);
			buildRules = (
			);
			dependencies = (
			);
			fileSystemSynchronizedGroups = (
				7E290BD12D9DFC70003D25D8 /* mokyoil */,
			);
			name = mokyoil;
			packageProductDependencies = (
			);
			productName = mokyoil;
			productReference = 7E290BCF2D9DFC70003D25D8 /* mokyoil.app */;
			productType = "com.apple.product-type.application";
		};
		7E290BDD2D9DFC72003D25D8 /* mokyoilTests */ = {
			isa = PBXNativeTarget;
			buildConfigurationList = 7E290BF52D9DFC72003D25D8 /* Build configuration list for PBXNativeTarget "mokyoilTests" */;
			buildPhases = (
				7E290BDA2D9DFC72003D25D8 /* Sources */,
				7E290BDB2D9DFC72003D25D8 /* Frameworks */,
				7E290BDC2D9DFC72003D25D8 /* Resources */,
			);
			buildRules = (
			);
			dependencies = (
				7E290BE02D9DFC72003D25D8 /* PBXTargetDependency */,
			);
			fileSystemSynchronizedGroups = (
				7E290BE12D9DFC72003D25D8 /* mokyoilTests */,
			);
			name = mokyoilTests;
			packageProductDependencies = (
			);
			productName = mokyoilTests;
			productReference = 7E290BDE2D9DFC72003D25D8 /* mokyoilTests.xctest */;
			productType = "com.apple.product-type.bundle.unit-test";
		};
		7E290BE72D9DFC72003D25D8 /* mokyoilUITests */ = {
			isa = PBXNativeTarget;
			buildConfigurationList = 7E290BF82D9DFC72003D25D8 /* Build configuration list for PBXNativeTarget "mokyoilUITests" */;
			buildPhases = (
				7E290BE42D9DFC72003D25D8 /* Sources */,
				7E290BE52D9DFC72003D25D8 /* Frameworks */,
				7E290BE62D9DFC72003D25D8 /* Resources */,
			);
			buildRules = (
			);
			dependencies = (
				7E290BEA2D9DFC72003D25D8 /* PBXTargetDependency */,
			);
			fileSystemSynchronizedGroups = (
				7E290BEB2D9DFC72003D25D8 /* mokyoilUITests */,
			);
			name = mokyoilUITests;
			packageProductDependencies = (
			);
			productName = mokyoilUITests;
			productReference = 7E290BE82D9DFC72003D25D8 /* mokyoilUITests.xctest */;
			productType = "com.apple.product-type.bundle.ui-testing";
		};
/* End PBXNativeTarget section */

/* Begin PBXProject section */
		7E290BC72D9DFC70003D25D8 /* Project object */ = {
			isa = PBXProject;
			attributes = {
				BuildIndependentTargetsInParallel = 1;
				LastSwiftUpdateCheck = 1630;
				LastUpgradeCheck = 1630;
				TargetAttributes = {
					7E290BCE2D9DFC70003D25D8 = {
						CreatedOnToolsVersion = 16.3;
					};
					7E290BDD2D9DFC72003D25D8 = {
						CreatedOnToolsVersion = 16.3;
						TestTargetID = 7E290BCE2D9DFC70003D25D8;
					};
					7E290BE72D9DFC72003D25D8 = {
						CreatedOnToolsVersion = 16.3;
						TestTargetID = 7E290BCE2D9DFC70003D25D8;
					};
				};
			};
			buildConfigurationList = 7E290BCA2D9DFC70003D25D8 /* Build configuration list for PBXProject "mokyoil" */;
			developmentRegion = en;
			hasScannedForEncodings = 0;
			knownRegions = (
				en,
				Base,
			);
			mainGroup = 7E290BC62D9DFC70003D25D8;
			minimizedProjectReferenceProxies = 1;
			preferredProjectObjectVersion = 77;
			productRefGroup = 7E290BD02D9DFC70003D25D8 /* Products */;
			projectDirPath = "";
			projectRoot = "";
			targets = (
				7E290BCE2D9DFC70003D25D8 /* mokyoil */,
				7E290BDD2D9DFC72003D25D8 /* mokyoilTests */,
				7E290BE72D9DFC72003D25D8 /* mokyoilUITests */,
			);
		};
/* End PBXProject section */

/* Begin PBXResourcesBuildPhase section */
		7E290BCD2D9DFC70003D25D8 /* Resources */ = {
			isa = PBXResourcesBuildPhase;
			buildActionMask = 2147483647;
			files = (
			);
			runOnlyForDeploymentPostprocessing = 0;
		};
		7E290BDC2D9DFC72003D25D8 /* Resources */ = {
			isa = PBXResourcesBuildPhase;
			buildActionMask = 2147483647;
			files = (
			);
			runOnlyForDeploymentPostprocessing = 0;
		};
		7E290BE62D9DFC72003D25D8 /* Resources */ = {
			isa = PBXResourcesBuildPhase;
			buildActionMask = 2147483647;
			files = (
			);
			runOnlyForDeploymentPostprocessing = 0;
		};
/* End PBXResourcesBuildPhase section */

/* Begin PBXSourcesBuildPhase section */
		7E290BCB2D9DFC70003D25D8 /* Sources */ = {
			isa = PBXSourcesBuildPhase;
			buildActionMask = 2147483647;
			files = (
			);
			runOnlyForDeploymentPostprocessing = 0;
		};
		7E290BDA2D9DFC72003D25D8 /* Sources */ = {
			isa = PBXSourcesBuildPhase;
			buildActionMask = 2147483647;
			files = (
			);
			runOnlyForDeploymentPostprocessing = 0;
		};
		7E290BE42D9DFC72003D25D8 /* Sources */ = {
			isa = PBXSourcesBuildPhase;
			buildActionMask = 2147483647;
			files = (
			);
			runOnlyForDeploymentPostprocessing = 0;
		};
/* End PBXSourcesBuildPhase section */

/* Begin PBXTargetDependency section */
		7E290BE02D9DFC72003D25D8 /* PBXTargetDependency */ = {
			isa = PBXTargetDependency;
			target = 7E290BCE2D9DFC70003D25D8 /* mokyoil */;
			targetProxy = 7E290BDF2D9DFC72003D25D8 /* PBXContainerItemProxy */;
		};
		7E290BEA2D9DFC72003D25D8 /* PBXTargetDependency */ = {
			isa = PBXTargetDependency;
			target = 7E290BCE2D9DFC70003D25D8 /* mokyoil */;
			targetProxy = 7E290BE92D9DFC72003D25D8 /* PBXContainerItemProxy */;
		};
/* End PBXTargetDependency section */

/* Begin XCBuildConfiguration section */
		7E290BF02D9DFC72003D25D8 /* Debug */ = {
			isa = XCBuildConfiguration;
			buildSettings = {
				ALWAYS_SEARCH_USER_PATHS = NO;
				ASSETCATALOG_COMPILER_GENERATE_SWIFT_ASSET_SYMBOL_EXTENSIONS = YES;
				CLANG_ANALYZER_NONNULL = YES;
				CLANG_ANALYZER_NUMBER_OBJECT_CONVERSION = YES_AGGRESSIVE;
				CLANG_CXX_LANGUAGE_STANDARD = "gnu++20";
				CLANG_ENABLE_MODULES = YES;
				CLANG_ENABLE_OBJC_ARC = YES;
				CLANG_ENABLE_OBJC_WEAK = YES;
				CLANG_WARN_BLOCK_CAPTURE_AUTORELEASING = YES;
				CLANG_WARN_BOOL_CONVERSION = YES;
				CLANG_WARN_COMMA = YES;
				CLANG_WARN_CONSTANT_CONVERSION = YES;
				CLANG_WARN_DEPRECATED_OBJC_IMPLEMENTATIONS = YES;
				CLANG_WARN_DIRECT_OBJC_ISA_USAGE = YES_ERROR;
				CLANG_WARN_DOCUMENTATION_COMMENTS = YES;
				CLANG_WARN_EMPTY_BODY = YES;
				CLANG_WARN_ENUM_CONVERSION = YES;
				CLANG_WARN_INFINITE_RECURSION = YES;
				CLANG_WARN_INT_CONVERSION = YES;
				CLANG_WARN_NON_LITERAL_NULL_CONVERSION = YES;
				CLANG_WARN_OBJC_IMPLICIT_RETAIN_SELF = YES;
				CLANG_WARN_OBJC_LITERAL_CONVERSION = YES;
				CLANG_WARN_OBJC_ROOT_CLASS = YES_ERROR;
				CLANG_WARN_QUOTED_INCLUDE_IN_FRAMEWORK_HEADER = YES;
				CLANG_WARN_RANGE_LOOP_ANALYSIS = YES;
				CLANG_WARN_STRICT_PROTOTYPES = YES;
				CLANG_WARN_SUSPICIOUS_MOVE = YES;
				CLANG_WARN_UNGUARDED_AVAILABILITY = YES_AGGRESSIVE;
				CLANG_WARN_UNREACHABLE_CODE = YES;
				CLANG_WARN__DUPLICATE_METHOD_MATCH = YES;
				COPY_PHASE_STRIP = NO;
				DEBUG_INFORMATION_FORMAT = dwarf;
				DEVELOPMENT_TEAM = W6HBJPKV88;
				ENABLE_STRICT_OBJC_MSGSEND = YES;
				ENABLE_TESTABILITY = YES;
				ENABLE_USER_SCRIPT_SANDBOXING = YES;
				GCC_C_LANGUAGE_STANDARD = gnu17;
				GCC_DYNAMIC_NO_PIC = NO;
				GCC_NO_COMMON_BLOCKS = YES;
				GCC_OPTIMIZATION_LEVEL = 0;
				GCC_PREPROCESSOR_DEFINITIONS = (
					"DEBUG=1",
					"$(inherited)",
				);
				GCC_WARN_64_TO_32_BIT_CONVERSION = YES;
				GCC_WARN_ABOUT_RETURN_TYPE = YES_ERROR;
				GCC_WARN_UNDECLARED_SELECTOR = YES;
				GCC_WARN_UNINITIALIZED_AUTOS = YES_AGGRESSIVE;
				GCC_WARN_UNUSED_FUNCTION = YES;
				GCC_WARN_UNUSED_VARIABLE = YES;
				IPHONEOS_DEPLOYMENT_TARGET = 18.4;
				LOCALIZATION_PREFERS_STRING_CATALOGS = YES;
				MTL_ENABLE_DEBUG_INFO = INCLUDE_SOURCE;
				MTL_FAST_MATH = YES;
				ONLY_ACTIVE_ARCH = YES;
				SDKROOT = iphoneos;
				SWIFT_ACTIVE_COMPILATION_CONDITIONS = "DEBUG $(inherited)";
				SWIFT_OPTIMIZATION_LEVEL = "-Onone";
			};
			name = Debug;
		};
		7E290BF12D9DFC72003D25D8 /* Release */ = {
			isa = XCBuildConfiguration;
			buildSettings = {
				ALWAYS_SEARCH_USER_PATHS = NO;
				ASSETCATALOG_COMPILER_GENERATE_SWIFT_ASSET_SYMBOL_EXTENSIONS = YES;
				CLANG_ANALYZER_NONNULL = YES;
				CLANG_ANALYZER_NUMBER_OBJECT_CONVERSION = YES_AGGRESSIVE;
				CLANG_CXX_LANGUAGE_STANDARD = "gnu++20";
				CLANG_ENABLE_MODULES = YES;
				CLANG_ENABLE_OBJC_ARC = YES;
				CLANG_ENABLE_OBJC_WEAK = YES;
				CLANG_WARN_BLOCK_CAPTURE_AUTORELEASING = YES;
				CLANG_WARN_BOOL_CONVERSION = YES;
				CLANG_WARN_COMMA = YES;
				CLANG_WARN_CONSTANT_CONVERSION = YES;
				CLANG_WARN_DEPRECATED_OBJC_IMPLEMENTATIONS = YES;
				CLANG_WARN_DIRECT_OBJC_ISA_USAGE = YES_ERROR;
				CLANG_WARN_DOCUMENTATION_COMMENTS = YES;
				CLANG_WARN_EMPTY_BODY = YES;
				CLANG_WARN_ENUM_CONVERSION = YES;
				CLANG_WARN_INFINITE_RECURSION = YES;
				CLANG_WARN_INT_CONVERSION = YES;
				CLANG_WARN_NON_LITERAL_NULL_CONVERSION = YES;
				CLANG_WARN_OBJC_IMPLICIT_RETAIN_SELF = YES;
				CLANG_WARN_OBJC_LITERAL_CONVERSION = YES;
				CLANG_WARN_OBJC_ROOT_CLASS = YES_ERROR;
				CLANG_WARN_QUOTED_INCLUDE_IN_FRAMEWORK_HEADER = YES;
				CLANG_WARN_RANGE_LOOP_ANALYSIS = YES;
				CLANG_WARN_STRICT_PROTOTYPES = YES;
				CLANG_WARN_SUSPICIOUS_MOVE = YES;
				CLANG_WARN_UNGUARDED_AVAILABILITY = YES_AGGRESSIVE;
				CLANG_WARN_UNREACHABLE_CODE = YES;
				CLANG_WARN__DUPLICATE_METHOD_MATCH = YES;
				COPY_PHASE_STRIP = NO;
				DEBUG_INFORMATION_FORMAT = "dwarf-with-dsym";
				DEVELOPMENT_TEAM = W6HBJPKV88;
				ENABLE_NS_ASSERTIONS = NO;
				ENABLE_STRICT_OBJC_MSGSEND = YES;
				ENABLE_USER_SCRIPT_SANDBOXING = YES;
				GCC_C_LANGUAGE_STANDARD = gnu17;
				GCC_NO_COMMON_BLOCKS = YES;
				GCC_WARN_64_TO_32_BIT_CONVERSION = YES;
				GCC_WARN_ABOUT_RETURN_TYPE = YES_ERROR;
				GCC_WARN_UNDECLARED_SELECTOR = YES;
				GCC_WARN_UNINITIALIZED_AUTOS = YES_AGGRESSIVE;
				GCC_WARN_UNUSED_FUNCTION = YES;
				GCC_WARN_UNUSED_VARIABLE = YES;
				IPHONEOS_DEPLOYMENT_TARGET = 18.4;
				LOCALIZATION_PREFERS_STRING_CATALOGS = YES;
				MTL_ENABLE_DEBUG_INFO = NO;
				MTL_FAST_MATH = YES;
				SDKROOT = iphoneos;
				SWIFT_COMPILATION_MODE = wholemodule;
				VALIDATE_PRODUCT = YES;
			};
			name = Release;
		};
		7E290BF32D9DFC72003D25D8 /* Debug */ = {
			isa = XCBuildConfiguration;
			buildSettings = {
				ASSETCATALOG_COMPILER_APPICON_NAME = AppIcon;
				ASSETCATALOG_COMPILER_GLOBAL_ACCENT_COLOR_NAME = AccentColor;
				CODE_SIGN_STYLE = Automatic;
				CURRENT_PROJECT_VERSION = 1;
				DEVELOPMENT_TEAM = W6HBJPKV88;
				ENABLE_PREVIEWS = YES;
				GENERATE_INFOPLIST_FILE = YES;
				INFOPLIST_KEY_NSMotionUsageDescription = "AirPods Pro 센서를 사용하여 머리 움직임을 추적합니다.";
				INFOPLIST_KEY_UIApplicationSceneManifest_Generation = YES;
				INFOPLIST_KEY_UIApplicationSupportsIndirectInputEvents = YES;
				INFOPLIST_KEY_UILaunchScreen_Generation = YES;
				INFOPLIST_KEY_UISupportedInterfaceOrientations_iPad = "UIInterfaceOrientationPortrait UIInterfaceOrientationPortraitUpsideDown UIInterfaceOrientationLandscapeLeft UIInterfaceOrientationLandscapeRight";
				INFOPLIST_KEY_UISupportedInterfaceOrientations_iPhone = "UIInterfaceOrientationPortrait UIInterfaceOrientationLandscapeLeft UIInterfaceOrientationLandscapeRight";
				LD_RUNPATH_SEARCH_PATHS = (
					"$(inherited)",
					"@executable_path/Frameworks",
				);
				MARKETING_VERSION = 1.0;
				PRODUCT_BUNDLE_IDENTIFIER = "com.yumin-c.mokyoil";
				PRODUCT_NAME = "$(TARGET_NAME)";
				SWIFT_EMIT_LOC_STRINGS = YES;
				SWIFT_VERSION = 5.0;
				TARGETED_DEVICE_FAMILY = "1,2";
			};
			name = Debug;
		};
		7E290BF42D9DFC72003D25D8 /* Release */ = {
			isa = XCBuildConfiguration;
			buildSettings = {
				ASSETCATALOG_COMPILER_APPICON_NAME = AppIcon;
				ASSETCATALOG_COMPILER_GLOBAL_ACCENT_COLOR_NAME = AccentColor;
				CODE_SIGN_STYLE = Automatic;
				CURRENT_PROJECT_VERSION = 1;
				DEVELOPMENT_TEAM = W6HBJPKV88;
				ENABLE_PREVIEWS = YES;
				GENERATE_INFOPLIST_FILE = YES;
				INFOPLIST_KEY_NSMotionUsageDescription = "AirPods Pro 센서를 사용하여 머리 움직임을 추적합니다.";
				INFOPLIST_KEY_UIApplicationSceneManifest_Generation = YES;
				INFOPLIST_KEY_UIApplicationSupportsIndirectInputEvents = YES;
				INFOPLIST_KEY_UILaunchScreen_Generation = YES;
				INFOPLIST_KEY_UISupportedInterfaceOrientations_iPad = "UIInterfaceOrientationPortrait UIInterfaceOrientationPortraitUpsideDown UIInterfaceOrientationLandscapeLeft UIInterfaceOrientationLandscapeRight";
				INFOPLIST_KEY_UISupportedInterfaceOrientations_iPhone = "UIInterfaceOrientationPortrait UIInterfaceOrientationLandscapeLeft UIInterfaceOrientationLandscapeRight";
				LD_RUNPATH_SEARCH_PATHS = (
					"$(inherited)",
					"@executable_path/Frameworks",
				);
				MARKETING_VERSION = 1.0;
				PRODUCT_BUNDLE_IDENTIFIER = "com.yumin-c.mokyoil";
				PRODUCT_NAME = "$(TARGET_NAME)";
				SWIFT_EMIT_LOC_STRINGS = YES;
				SWIFT_VERSION = 5.0;
				TARGETED_DEVICE_FAMILY = "1,2";
			};
			name = Release;
		};
		7E290BF62D9DFC72003D25D8 /* Debug */ = {
			isa = XCBuildConfiguration;
			buildSettings = {
				BUNDLE_LOADER = "$(TEST_HOST)";
				CODE_SIGN_STYLE = Automatic;
				CURRENT_PROJECT_VERSION = 1;
				DEVELOPMENT_TEAM = W6HBJPKV88;
				GENERATE_INFOPLIST_FILE = YES;
				IPHONEOS_DEPLOYMENT_TARGET = 18.4;
				MARKETING_VERSION = 1.0;
				PRODUCT_BUNDLE_IDENTIFIER = "com.yumin-c.mokyoilTests";
				PRODUCT_NAME = "$(TARGET_NAME)";
				SWIFT_EMIT_LOC_STRINGS = NO;
				SWIFT_VERSION = 5.0;
				TARGETED_DEVICE_FAMILY = "1,2";
				TEST_HOST = "$(BUILT_PRODUCTS_DIR)/mokyoil.app/$(BUNDLE_EXECUTABLE_FOLDER_PATH)/mokyoil";
			};
			name = Debug;
		};
		7E290BF72D9DFC72003D25D8 /* Release */ = {
			isa = XCBuildConfiguration;
			buildSettings = {
				BUNDLE_LOADER = "$(TEST_HOST)";
				CODE_SIGN_STYLE = Automatic;
				CURRENT_PROJECT_VERSION = 1;
				DEVELOPMENT_TEAM = W6HBJPKV88;
				GENERATE_INFOPLIST_FILE = YES;
				IPHONEOS_DEPLOYMENT_TARGET = 18.4;
				MARKETING_VERSION = 1.0;
				PRODUCT_BUNDLE_IDENTIFIER = "com.yumin-c.mokyoilTests";
				PRODUCT_NAME = "$(TARGET_NAME)";
				SWIFT_EMIT_LOC_STRINGS = NO;
				SWIFT_VERSION = 5.0;
				TARGETED_DEVICE_FAMILY = "1,2";
				TEST_HOST = "$(BUILT_PRODUCTS_DIR)/mokyoil.app/$(BUNDLE_EXECUTABLE_FOLDER_PATH)/mokyoil";
			};
			name = Release;
		};
		7E290BF92D9DFC72003D25D8 /* Debug */ = {
			isa = XCBuildConfiguration;
			buildSettings = {
				CODE_SIGN_STYLE = Automatic;
				CURRENT_PROJECT_VERSION = 1;
				DEVELOPMENT_TEAM = W6HBJPKV88;
				GENERATE_INFOPLIST_FILE = YES;
				MARKETING_VERSION = 1.0;
				PRODUCT_BUNDLE_IDENTIFIER = "com.yumin-c.mokyoilUITests";
				PRODUCT_NAME = "$(TARGET_NAME)";
				SWIFT_EMIT_LOC_STRINGS = NO;
				SWIFT_VERSION = 5.0;
				TARGETED_DEVICE_FAMILY = "1,2";
				TEST_TARGET_NAME = mokyoil;
			};
			name = Debug;
		};
		7E290BFA2D9DFC72003D25D8 /* Release */ = {
			isa = XCBuildConfiguration;
			buildSettings = {
				CODE_SIGN_STYLE = Automatic;
				CURRENT_PROJECT_VERSION = 1;
				DEVELOPMENT_TEAM = W6HBJPKV88;
				GENERATE_INFOPLIST_FILE = YES;
				MARKETING_VERSION = 1.0;
				PRODUCT_BUNDLE_IDENTIFIER = "com.yumin-c.mokyoilUITests";
				PRODUCT_NAME = "$(TARGET_NAME)";
				SWIFT_EMIT_LOC_STRINGS = NO;
				SWIFT_VERSION = 5.0;
				TARGETED_DEVICE_FAMILY = "1,2";
				TEST_TARGET_NAME = mokyoil;
			};
			name = Release;
		};
/* End XCBuildConfiguration section */

/* Begin XCConfigurationList section */
		7E290BCA2D9DFC70003D25D8 /* Build configuration list for PBXProject "mokyoil" */ = {
			isa = XCConfigurationList;
			buildConfigurations = (
				7E290BF02D9DFC72003D25D8 /* Debug */,
				7E290BF12D9DFC72003D25D8 /* Release */,
			);
			defaultConfigurationIsVisible = 0;
			defaultConfigurationName = Release;
		};
		7E290BF22D9DFC72003D25D8 /* Build configuration list for PBXNativeTarget "mokyoil" */ = {
			isa = XCConfigurationList;
			buildConfigurations = (
				7E290BF32D9DFC72003D25D8 /* Debug */,
				7E290BF42D9DFC72003D25D8 /* Release */,
			);
			defaultConfigurationIsVisible = 0;
			defaultConfigurationName = Release;
		};
		7E290BF52D9DFC72003D25D8 /* Build configuration list for PBXNativeTarget "mokyoilTests" */ = {
			isa = XCConfigurationList;
			buildConfigurations = (
				7E290BF62D9DFC72003D25D8 /* Debug */,
				7E290BF72D9DFC72003D25D8 /* Release */,
			);
			defaultConfigurationIsVisible = 0;
			defaultConfigurationName = Release;
		};
		7E290BF82D9DFC72003D25D8 /* Build configuration list for PBXNativeTarget "mokyoilUITests" */ = {
			isa = XCConfigurationList;
			buildConfigurations = (
				7E290BF92D9DFC72003D25D8 /* Debug */,
				7E290BFA2D9DFC72003D25D8 /* Release */,
			);
			defaultConfigurationIsVisible = 0;
			defaultConfigurationName = Release;
		};
/* End XCConfigurationList section */
	};
	rootObject = 7E290BC72D9DFC70003D25D8 /* Project object */;
}
